
Microsoft Visual Studio Solution File, Format Version 12.00
# Visual Studio Version 17
VisualStudioVersion = 17.11.35327.3
MinimumVisualStudioVersion = 10.0.40219.1
Project("{FAE04EC0-301F-11D3-BF4B-00C04F79EFBC}") = "Admin1", "Admin1.csproj", "{C7148235-33DF-4C46-B65E-182340502A4B}"
EndProject
Global
	GlobalSection(SolutionConfigurationPlatforms) = preSolution
		Debug|Any CPU = Debug|Any CPU
		Release|Any CPU = Release|Any CPU
	EndGlobalSection
	GlobalSection(ProjectConfigurationPlatforms) = postSolution
		{C7148235-33DF-4C46-B65E-182340502A4B}.Debug|Any CPU.ActiveCfg = Debug|Any CPU
		{C7148235-33DF-4C46-B65E-182340502A4B}.Debug|Any CPU.Build.0 = Debug|Any CPU
		{C7148235-33DF-4C46-B65E-182340502A4B}.Release|Any CPU.ActiveCfg = Release|Any CPU
		{C7148235-33DF-4C46-B65E-182340502A4B}.Release|Any CPU.Build.0 = Release|Any CPU
	EndGlobalSection
	GlobalSection(SolutionProperties) = preSolution
		HideSolutionNode = FALSE
	EndGlobalSection
	GlobalSection(ExtensibilityGlobals) = postSolution
		SolutionGuid = {2B5E8DAA-064E-48F7-A733-C0E9AAE494A4}
	EndGlobalSection
EndGlobal
